{
  "name": "foo",
  "requires": true,
  "lockfileVersion": 1,
  "dependencies": {
    "@types/jquery": {
      "version": "3.3.27",
      "resolved": "https://registry.npmjs.org/@types/jquery/-/jquery-3.3.27.tgz",
      "integrity": "sha512-t0ONpsFoH6yXqsdB+OlL1YxckfoGrok9lqxni6aD40QPPMahe6t7knB4SxCh0Bk9Yvc20OfZzxRU9ccQZcBZGQ==",
      "requires": {
        "@types/sizzle": "*"
      }
    },
    "@types/qunit": {
      "version": "2.5.3",
      "resolved": "https://registry.npmjs.org/@types/qunit/-/qunit-2.5.3.tgz",
      "integrity": "sha512-b9xNH1wBOnY+yiCT2DiAC0yi7GCF5g6whiAFA/dpd9RtL/Jn2XR7e4yyeAQwH3TUeF00zikmYqYxS0K8+EKTKQ=="
    },
    "@types/sizzle": {
      "version": "2.3.2",
      "resolved": "https://registry.npmjs.org/@types/sizzle/-/sizzle-2.3.2.tgz",
      "integrity": "sha512-7EJYyKTL7tFR8+gDbB6Wwz/arpGa0Mywk1TJbNzKzHtzbwVmY4HR9WqS5VV7dsBUKQmPNr192jHr/VpBluj/hg=="
    },
    "commander": {
      "version": "2.19.0",
      "resolved": "https://registry.npmjs.org/commander/-/commander-2.19.0.tgz",
      "integrity": "sha512-6tvAOO+D6OENvRAh524Dh9jcfKTYDQAqvqezbCW82xj5X0pSrcpxtvRKHLG0yBY6SD7PSDrJaj+0AiOcKVd1Xg=="
    },
    "concat": {
      "version": "1.0.3",
      "resolved": "https://registry.npmjs.org/concat/-/concat-1.0.3.tgz",
      "integrity": "sha1-QPM1MInWVGdpXLGIa0Xt1jfYzKg=",
      "requires": {
        "commander": "^2.9.0"
      }
    },
    "jquery-ui-dist": {
      "version": "1.12.1",
      "resolved": "https://registry.npmjs.org/jquery-ui-dist/-/jquery-ui-dist-1.12.1.tgz",
      "integrity": "sha1-XAgV08xvkP9fqvWyaKbiO0ypBPo="
    },
    "typescript": {
      "version": "3.2.2",
      "resolved": "https://registry.npmjs.org/typescript/-/typescript-3.2.2.tgz",
      "integrity": "sha512-VCj5UiSyHBjwfYacmDuc/NOk4QQixbE+Wn7MFJuS0nRuPQbof132Pw4u53dm264O8LPc2MVsc7RJNml5szurkg=="
    }
  }
}
