{
  "name": "foo",
  "requires": true,
  "lockfileVersion": 1,
  "dependencies": {
    "@types/jquery": {
      "version": "3.3.27",
      "resolved": "https://registry.npmjs.org/@types/jquery/-/jquery-3.3.27.tgz",
      "integrity": "sha512-t0ONpsFoH6yXqsdB+OlL1YxckfoGrok9lqxni6aD40QPPMahe6t7knB4SxCh0Bk9Yvc20OfZzxRU9ccQZcBZGQ==",
      "requires": {
        "@types/sizzle": "*"
      }
    },
    "@types/jqueryui": {
      "version": "1.12.6",
      "resolved": "https://registry.npmjs.org/@types/jqueryui/-/jqueryui-1.12.6.tgz",
      "integrity": "sha512-lF4aIWtQ3Xbd6J+9WXz/day1pyf39ZMO/KUrigFAuMQ6FFVw2xZBIRCUwA7/CEnab1Bb7b4ko304Lxrp2xw8hQ==",
      "requires": {
        "@types/jquery": "*"
      }
    },
    "@types/qunit": {
      "version": "2.5.3",
      "resolved": "https://registry.npmjs.org/@types/qunit/-/qunit-2.5.3.tgz",
      "integrity": "sha512-b9xNH1wBOnY+yiCT2DiAC0yi7GCF5g6whiAFA/dpd9RtL/Jn2XR7e4yyeAQwH3TUeF00zikmYqYxS0K8+EKTKQ=="
    },
    "@types/sizzle": {
      "version": "2.3.2",
      "resolved": "https://registry.npmjs.org/@types/sizzle/-/sizzle-2.3.2.tgz",
      "integrity": "sha512-7EJYyKTL7tFR8+gDbB6Wwz/arpGa0Mywk1TJbNzKzHtzbwVmY4HR9WqS5VV7dsBUKQmPNr192jHr/VpBluj/hg=="
    },
    "@types/tinymce": {
      "version": "4.5.16",
      "resolved": "https://registry.npmjs.org/@types/tinymce/-/tinymce-4.5.16.tgz",
      "integrity": "sha512-0NeR7X5VrcIyv42RERgME5pCj41ab4ejy8f+WtyWVQzUEmbOle7r3nMrNevvmEAC8lIq8uGBVIww1KUtu6KA1g==",
      "requires": {
        "@types/jquery": "*"
      }
    },
    "jquery-ui-dist": {
      "version": "1.12.1",
      "resolved": "https://registry.npmjs.org/jquery-ui-dist/-/jquery-ui-dist-1.12.1.tgz",
      "integrity": "sha1-XAgV08xvkP9fqvWyaKbiO0ypBPo="
    },
    "typescript": {
      "version": "3.2.2",
      "resolved": "https://registry.npmjs.org/typescript/-/typescript-3.2.2.tgz",
      "integrity": "sha512-VCj5UiSyHBjwfYacmDuc/NOk4QQixbE+Wn7MFJuS0nRuPQbof132Pw4u53dm264O8LPc2MVsc7RJNml5szurkg=="
    }
  }
}
